
Microsoft Visual Studio Solution File, Format Version 12.00
Project("{FAE04EC0-301F-11D3-BF4B-00C04F79EFBC}") = "WebApp", "WebApp\WebApp.csproj", "{F58F576B-7075-4782-A342-04D5C6FE031C}"
EndProject
Project("{2150E333-8FDC-42A3-9474-1A3956D46DE8}") = "App", "App", "{A5297BC9-4DFA-4603-883D-E01CF29E75F4}"
EndProject
Project("{2150E333-8FDC-42A3-9474-1A3956D46DE8}") = "Base", "Base", "{5369332F-3215-48A4-B505-C9608994B6B3}"
EndProject
Project("{FAE04EC0-301F-11D3-BF4B-00C04F79EFBC}") = "BLL.Base", "BLL.Base\BLL.Base.csproj", "{D628B4DD-98F4-4309-8FCD-BEF29A484C3C}"
EndProject
Project("{FAE04EC0-301F-11D3-BF4B-00C04F79EFBC}") = "Contracts.BLL.Base", "Contracts.BLL.Base\Contracts.BLL.Base.csproj", "{79927E58-9767-4AAA-9FB4-3665C4E8F5B7}"
EndProject
Project("{FAE04EC0-301F-11D3-BF4B-00C04F79EFBC}") = "Contracts.DAL.Base", "Contracts.DAL.Base\Contracts.DAL.Base.csproj", "{6E279BD8-E63A-4BEE-A3EE-2D01A1916814}"
EndProject
Project("{FAE04EC0-301F-11D3-BF4B-00C04F79EFBC}") = "Contracts.Domain.Base", "Contracts.Domain.Base\Contracts.Domain.Base.csproj", "{638E3D41-1A21-4A51-B692-6B7C29C19E9D}"
EndProject
Project("{FAE04EC0-301F-11D3-BF4B-00C04F79EFBC}") = "DAL.Base", "DAL.Base\DAL.Base.csproj", "{53196CDA-8D95-4ABB-BEA0-EEF975A34FA4}"
EndProject
Project("{FAE04EC0-301F-11D3-BF4B-00C04F79EFBC}") = "DAL.Base.EF", "DAL.Base.EF\DAL.Base.EF.csproj", "{96DA9650-569A-404A-825F-EA356300D233}"
EndProject
Project("{FAE04EC0-301F-11D3-BF4B-00C04F79EFBC}") = "Extensions.Base", "Extensions.Base\Extensions.Base.csproj", "{522EE942-794B-4346-BC13-68E1AB5571AF}"
EndProject
Project("{FAE04EC0-301F-11D3-BF4B-00C04F79EFBC}") = "Domain.Base", "Domain.Base\Domain.Base.csproj", "{8D66218D-CC5B-44B0-8010-4436D077E81A}"
EndProject
Project("{FAE04EC0-301F-11D3-BF4B-00C04F79EFBC}") = "Domain.App", "Domain.App\Domain.App.csproj", "{8857C838-A2B0-44F6-A904-C7088D8F9AAF}"
EndProject
Project("{FAE04EC0-301F-11D3-BF4B-00C04F79EFBC}") = "DAL.App.EF", "DAL.App.EF\DAL.App.EF.csproj", "{CA916493-1E25-4575-BEB4-59BB7E99B174}"
EndProject
Project("{FAE04EC0-301F-11D3-BF4B-00C04F79EFBC}") = "DAL.App.DTO", "DAL.App.DTO\DAL.App.DTO.csproj", "{7D1496C9-3DC4-4AA7-BA27-03D988EF18DA}"
EndProject
Project("{FAE04EC0-301F-11D3-BF4B-00C04F79EFBC}") = "Contracts.DAL.App", "Contracts.DAL.App\Contracts.DAL.App.csproj", "{3E27C83E-804C-4445-9895-35B374A43B3C}"
EndProject
Project("{FAE04EC0-301F-11D3-BF4B-00C04F79EFBC}") = "Contracts.BLL.App", "Contracts.BLL.App\Contracts.BLL.App.csproj", "{03ADB35F-A0C8-4902-A663-5DF5BF4DCA2B}"
EndProject
Project("{FAE04EC0-301F-11D3-BF4B-00C04F79EFBC}") = "BLL.App.DTO", "BLL.App.DTO\BLL.App.DTO.csproj", "{553EC66F-4E16-498E-9915-DBE64FE5AD16}"
EndProject
Project("{FAE04EC0-301F-11D3-BF4B-00C04F79EFBC}") = "BLL.App", "BLL.App\BLL.App.csproj", "{1F142D6B-1F56-4226-A615-6184AA723C58}"
EndProject
Project("{FAE04EC0-301F-11D3-BF4B-00C04F79EFBC}") = "PublicApi.DTO.v1", "PublicApi.DTO.v1\PublicApi.DTO.v1.csproj", "{4E977A79-A113-4ED4-8074-86ABA78D9000}"
EndProject
Project("{2150E333-8FDC-42A3-9474-1A3956D46DE8}") = "Solution Items", "Solution Items", "{26F24D16-564A-4656-8347-5F9C66D3FC14}"
	ProjectSection(SolutionItems) = preProject
		README.md = README.md
		.gitignore = .gitignore
		docker-compose.yml = docker-compose.yml
		Dockerfile = Dockerfile
		docker-compose-prod.yml = docker-compose-prod.yml
		.dockerignore = .dockerignore
	EndProjectSection
EndProject
Global
	GlobalSection(SolutionConfigurationPlatforms) = preSolution
		Debug|Any CPU = Debug|Any CPU
		Release|Any CPU = Release|Any CPU
	EndGlobalSection
	GlobalSection(ProjectConfigurationPlatforms) = postSolution
		{F58F576B-7075-4782-A342-04D5C6FE031C}.Debug|Any CPU.ActiveCfg = Debug|Any CPU
		{F58F576B-7075-4782-A342-04D5C6FE031C}.Debug|Any CPU.Build.0 = Debug|Any CPU
		{F58F576B-7075-4782-A342-04D5C6FE031C}.Release|Any CPU.ActiveCfg = Release|Any CPU
		{F58F576B-7075-4782-A342-04D5C6FE031C}.Release|Any CPU.Build.0 = Release|Any CPU
		{D628B4DD-98F4-4309-8FCD-BEF29A484C3C}.Debug|Any CPU.ActiveCfg = Debug|Any CPU
		{D628B4DD-98F4-4309-8FCD-BEF29A484C3C}.Debug|Any CPU.Build.0 = Debug|Any CPU
		{D628B4DD-98F4-4309-8FCD-BEF29A484C3C}.Release|Any CPU.ActiveCfg = Release|Any CPU
		{D628B4DD-98F4-4309-8FCD-BEF29A484C3C}.Release|Any CPU.Build.0 = Release|Any CPU
		{79927E58-9767-4AAA-9FB4-3665C4E8F5B7}.Debug|Any CPU.ActiveCfg = Debug|Any CPU
		{79927E58-9767-4AAA-9FB4-3665C4E8F5B7}.Debug|Any CPU.Build.0 = Debug|Any CPU
		{79927E58-9767-4AAA-9FB4-3665C4E8F5B7}.Release|Any CPU.ActiveCfg = Release|Any CPU
		{79927E58-9767-4AAA-9FB4-3665C4E8F5B7}.Release|Any CPU.Build.0 = Release|Any CPU
		{6E279BD8-E63A-4BEE-A3EE-2D01A1916814}.Debug|Any CPU.ActiveCfg = Debug|Any CPU
		{6E279BD8-E63A-4BEE-A3EE-2D01A1916814}.Debug|Any CPU.Build.0 = Debug|Any CPU
		{6E279BD8-E63A-4BEE-A3EE-2D01A1916814}.Release|Any CPU.ActiveCfg = Release|Any CPU
		{6E279BD8-E63A-4BEE-A3EE-2D01A1916814}.Release|Any CPU.Build.0 = Release|Any CPU
		{638E3D41-1A21-4A51-B692-6B7C29C19E9D}.Debug|Any CPU.ActiveCfg = Debug|Any CPU
		{638E3D41-1A21-4A51-B692-6B7C29C19E9D}.Debug|Any CPU.Build.0 = Debug|Any CPU
		{638E3D41-1A21-4A51-B692-6B7C29C19E9D}.Release|Any CPU.ActiveCfg = Release|Any CPU
		{638E3D41-1A21-4A51-B692-6B7C29C19E9D}.Release|Any CPU.Build.0 = Release|Any CPU
		{53196CDA-8D95-4ABB-BEA0-EEF975A34FA4}.Debug|Any CPU.ActiveCfg = Debug|Any CPU
		{53196CDA-8D95-4ABB-BEA0-EEF975A34FA4}.Debug|Any CPU.Build.0 = Debug|Any CPU
		{53196CDA-8D95-4ABB-BEA0-EEF975A34FA4}.Release|Any CPU.ActiveCfg = Release|Any CPU
		{53196CDA-8D95-4ABB-BEA0-EEF975A34FA4}.Release|Any CPU.Build.0 = Release|Any CPU
		{96DA9650-569A-404A-825F-EA356300D233}.Debug|Any CPU.ActiveCfg = Debug|Any CPU
		{96DA9650-569A-404A-825F-EA356300D233}.Debug|Any CPU.Build.0 = Debug|Any CPU
		{96DA9650-569A-404A-825F-EA356300D233}.Release|Any CPU.ActiveCfg = Release|Any CPU
		{96DA9650-569A-404A-825F-EA356300D233}.Release|Any CPU.Build.0 = Release|Any CPU
		{522EE942-794B-4346-BC13-68E1AB5571AF}.Debug|Any CPU.ActiveCfg = Debug|Any CPU
		{522EE942-794B-4346-BC13-68E1AB5571AF}.Debug|Any CPU.Build.0 = Debug|Any CPU
		{522EE942-794B-4346-BC13-68E1AB5571AF}.Release|Any CPU.ActiveCfg = Release|Any CPU
		{522EE942-794B-4346-BC13-68E1AB5571AF}.Release|Any CPU.Build.0 = Release|Any CPU
		{8D66218D-CC5B-44B0-8010-4436D077E81A}.Debug|Any CPU.ActiveCfg = Debug|Any CPU
		{8D66218D-CC5B-44B0-8010-4436D077E81A}.Debug|Any CPU.Build.0 = Debug|Any CPU
		{8D66218D-CC5B-44B0-8010-4436D077E81A}.Release|Any CPU.ActiveCfg = Release|Any CPU
		{8D66218D-CC5B-44B0-8010-4436D077E81A}.Release|Any CPU.Build.0 = Release|Any CPU
		{8857C838-A2B0-44F6-A904-C7088D8F9AAF}.Debug|Any CPU.ActiveCfg = Debug|Any CPU
		{8857C838-A2B0-44F6-A904-C7088D8F9AAF}.Debug|Any CPU.Build.0 = Debug|Any CPU
		{8857C838-A2B0-44F6-A904-C7088D8F9AAF}.Release|Any CPU.ActiveCfg = Release|Any CPU
		{8857C838-A2B0-44F6-A904-C7088D8F9AAF}.Release|Any CPU.Build.0 = Release|Any CPU
		{CA916493-1E25-4575-BEB4-59BB7E99B174}.Debug|Any CPU.ActiveCfg = Debug|Any CPU
		{CA916493-1E25-4575-BEB4-59BB7E99B174}.Debug|Any CPU.Build.0 = Debug|Any CPU
		{CA916493-1E25-4575-BEB4-59BB7E99B174}.Release|Any CPU.ActiveCfg = Release|Any CPU
		{CA916493-1E25-4575-BEB4-59BB7E99B174}.Release|Any CPU.Build.0 = Release|Any CPU
		{7D1496C9-3DC4-4AA7-BA27-03D988EF18DA}.Debug|Any CPU.ActiveCfg = Debug|Any CPU
		{7D1496C9-3DC4-4AA7-BA27-03D988EF18DA}.Debug|Any CPU.Build.0 = Debug|Any CPU
		{7D1496C9-3DC4-4AA7-BA27-03D988EF18DA}.Release|Any CPU.ActiveCfg = Release|Any CPU
		{7D1496C9-3DC4-4AA7-BA27-03D988EF18DA}.Release|Any CPU.Build.0 = Release|Any CPU
		{3E27C83E-804C-4445-9895-35B374A43B3C}.Debug|Any CPU.ActiveCfg = Debug|Any CPU
		{3E27C83E-804C-4445-9895-35B374A43B3C}.Debug|Any CPU.Build.0 = Debug|Any CPU
		{3E27C83E-804C-4445-9895-35B374A43B3C}.Release|Any CPU.ActiveCfg = Release|Any CPU
		{3E27C83E-804C-4445-9895-35B374A43B3C}.Release|Any CPU.Build.0 = Release|Any CPU
		{03ADB35F-A0C8-4902-A663-5DF5BF4DCA2B}.Debug|Any CPU.ActiveCfg = Debug|Any CPU
		{03ADB35F-A0C8-4902-A663-5DF5BF4DCA2B}.Debug|Any CPU.Build.0 = Debug|Any CPU
		{03ADB35F-A0C8-4902-A663-5DF5BF4DCA2B}.Release|Any CPU.ActiveCfg = Release|Any CPU
		{03ADB35F-A0C8-4902-A663-5DF5BF4DCA2B}.Release|Any CPU.Build.0 = Release|Any CPU
		{553EC66F-4E16-498E-9915-DBE64FE5AD16}.Debug|Any CPU.ActiveCfg = Debug|Any CPU
		{553EC66F-4E16-498E-9915-DBE64FE5AD16}.Debug|Any CPU.Build.0 = Debug|Any CPU
		{553EC66F-4E16-498E-9915-DBE64FE5AD16}.Release|Any CPU.ActiveCfg = Release|Any CPU
		{553EC66F-4E16-498E-9915-DBE64FE5AD16}.Release|Any CPU.Build.0 = Release|Any CPU
		{1F142D6B-1F56-4226-A615-6184AA723C58}.Debug|Any CPU.ActiveCfg = Debug|Any CPU
		{1F142D6B-1F56-4226-A615-6184AA723C58}.Debug|Any CPU.Build.0 = Debug|Any CPU
		{1F142D6B-1F56-4226-A615-6184AA723C58}.Release|Any CPU.ActiveCfg = Release|Any CPU
		{1F142D6B-1F56-4226-A615-6184AA723C58}.Release|Any CPU.Build.0 = Release|Any CPU
		{4E977A79-A113-4ED4-8074-86ABA78D9000}.Debug|Any CPU.ActiveCfg = Debug|Any CPU
		{4E977A79-A113-4ED4-8074-86ABA78D9000}.Debug|Any CPU.Build.0 = Debug|Any CPU
		{4E977A79-A113-4ED4-8074-86ABA78D9000}.Release|Any CPU.ActiveCfg = Release|Any CPU
		{4E977A79-A113-4ED4-8074-86ABA78D9000}.Release|Any CPU.Build.0 = Release|Any CPU
	EndGlobalSection
	GlobalSection(NestedProjects) = preSolution
		{F58F576B-7075-4782-A342-04D5C6FE031C} = {A5297BC9-4DFA-4603-883D-E01CF29E75F4}
		{D628B4DD-98F4-4309-8FCD-BEF29A484C3C} = {5369332F-3215-48A4-B505-C9608994B6B3}
		{79927E58-9767-4AAA-9FB4-3665C4E8F5B7} = {5369332F-3215-48A4-B505-C9608994B6B3}
		{6E279BD8-E63A-4BEE-A3EE-2D01A1916814} = {5369332F-3215-48A4-B505-C9608994B6B3}
		{638E3D41-1A21-4A51-B692-6B7C29C19E9D} = {5369332F-3215-48A4-B505-C9608994B6B3}
		{53196CDA-8D95-4ABB-BEA0-EEF975A34FA4} = {5369332F-3215-48A4-B505-C9608994B6B3}
		{96DA9650-569A-404A-825F-EA356300D233} = {5369332F-3215-48A4-B505-C9608994B6B3}
		{522EE942-794B-4346-BC13-68E1AB5571AF} = {5369332F-3215-48A4-B505-C9608994B6B3}
		{8D66218D-CC5B-44B0-8010-4436D077E81A} = {5369332F-3215-48A4-B505-C9608994B6B3}
		{8857C838-A2B0-44F6-A904-C7088D8F9AAF} = {A5297BC9-4DFA-4603-883D-E01CF29E75F4}
		{CA916493-1E25-4575-BEB4-59BB7E99B174} = {A5297BC9-4DFA-4603-883D-E01CF29E75F4}
		{7D1496C9-3DC4-4AA7-BA27-03D988EF18DA} = {A5297BC9-4DFA-4603-883D-E01CF29E75F4}
		{3E27C83E-804C-4445-9895-35B374A43B3C} = {A5297BC9-4DFA-4603-883D-E01CF29E75F4}
		{03ADB35F-A0C8-4902-A663-5DF5BF4DCA2B} = {A5297BC9-4DFA-4603-883D-E01CF29E75F4}
		{553EC66F-4E16-498E-9915-DBE64FE5AD16} = {A5297BC9-4DFA-4603-883D-E01CF29E75F4}
		{1F142D6B-1F56-4226-A615-6184AA723C58} = {A5297BC9-4DFA-4603-883D-E01CF29E75F4}
		{4E977A79-A113-4ED4-8074-86ABA78D9000} = {A5297BC9-4DFA-4603-883D-E01CF29E75F4}
	EndGlobalSection
EndGlobal
